<?xml version="1.0" encoding="utf-8"?>
<Project ToolsVersion="4.0" xmlns="http://schemas.microsoft.com/developer/msbuild/2003">
  <ItemGroup>
    <Filter Include="mozilla">
      <UniqueIdentifier>{19edf5ec-b56b-4099-a2e1-dc7f9e30189f}</UniqueIdentifier>
    </Filter>
    <Filter Include="mozilla\extensions">
      <UniqueIdentifier>{c11e7db5-fe8c-4826-8652-39316d02f400}</UniqueIdentifier>
    </Filter>
    <Filter Include="mozilla\extensions\universalchardet">
      <UniqueIdentifier>{999fde2e-64a2-4ae6-9b59-2329a019ec50}</UniqueIdentifier>
    </Filter>
    <Filter Include="mozilla\extensions\universalchardet\src">
      <UniqueIdentifier>{96b92cac-4ad1-4d60-88b7-232f35499796}</UniqueIdentifier>
    </Filter>
    <Filter Include="mozilla\extensions\universalchardet\src\base">
      <UniqueIdentifier>{6d22dd47-24b1-407a-87a4-c9c4c09dfc7d}</UniqueIdentifier>
    </Filter>
    <Filter Include="base">
      <UniqueIdentifier>{93995380-89BD-4b04-88EB-625FBE52EBFB}</UniqueIdentifier>
      <Extensions>h;hpp;hxx;hm;inl;inc;xsd</Extensions>
    </Filter>
  </ItemGroup>
  <ItemGroup>
    <ClCompile Include="mozilla\extensions\universalchardet\src\base\CharDistribution.cpp">
      <Filter>mozilla\extensions\universalchardet\src\base</Filter>
    </ClCompile>
    <ClCompile Include="mozilla\extensions\universalchardet\src\base\JpCntx.cpp">
      <Filter>mozilla\extensions\universalchardet\src\base</Filter>
    </ClCompile>
    <ClCompile Include="mozilla\extensions\universalchardet\src\base\LangBulgarianModel.cpp">
      <Filter>mozilla\extensions\universalchardet\src\base</Filter>
    </ClCompile>
    <ClCompile Include="mozilla\extensions\universalchardet\src\base\LangCyrillicModel.cpp">
      <Filter>mozilla\extensions\universalchardet\src\base</Filter>
    </ClCompile>
    <ClCompile Include="mozilla\extensions\universalchardet\src\base\LangGreekModel.cpp">
      <Filter>mozilla\extensions\universalchardet\src\base</Filter>
    </ClCompile>
    <ClCompile Include="mozilla\extensions\universalchardet\src\base\LangHebrewModel.cpp">
      <Filter>mozilla\extensions\universalchardet\src\base</Filter>
    </ClCompile>
    <ClCompile Include="mozilla\extensions\universalchardet\src\base\LangHungarianModel.cpp">
      <Filter>mozilla\extensions\universalchardet\src\base</Filter>
    </ClCompile>
    <ClCompile Include="mozilla\extensions\universalchardet\src\base\LangThaiModel.cpp">
      <Filter>mozilla\extensions\universalchardet\src\base</Filter>
    </ClCompile>
    <ClCompile Include="mozilla\extensions\universalchardet\src\base\nsBig5Prober.cpp">
      <Filter>mozilla\extensions\universalchardet\src\base</Filter>
    </ClCompile>
    <ClCompile Include="mozilla\extensions\universalchardet\src\base\nsCharSetProber.cpp">
      <Filter>mozilla\extensions\universalchardet\src\base</Filter>
    </ClCompile>
    <ClCompile Include="mozilla\extensions\universalchardet\src\base\nsEscCharsetProber.cpp">
      <Filter>mozilla\extensions\universalchardet\src\base</Filter>
    </ClCompile>
    <ClCompile Include="mozilla\extensions\universalchardet\src\base\nsEscSM.cpp">
      <Filter>mozilla\extensions\universalchardet\src\base</Filter>
    </ClCompile>
    <ClCompile Include="mozilla\extensions\universalchardet\src\base\nsEUCJPProber.cpp">
      <Filter>mozilla\extensions\universalchardet\src\base</Filter>
    </ClCompile>
    <ClCompile Include="mozilla\extensions\universalchardet\src\base\nsEUCKRProber.cpp">
      <Filter>mozilla\extensions\universalchardet\src\base</Filter>
    </ClCompile>
    <ClCompile Include="mozilla\extensions\universalchardet\src\base\nsEUCTWProber.cpp">
      <Filter>mozilla\extensions\universalchardet\src\base</Filter>
    </ClCompile>
    <ClCompile Include="mozilla\extensions\universalchardet\src\base\nsGB2312Prober.cpp">
      <Filter>mozilla\extensions\universalchardet\src\base</Filter>
    </ClCompile>
    <ClCompile Include="mozilla\extensions\universalchardet\src\base\nsHebrewProber.cpp">
      <Filter>mozilla\extensions\universalchardet\src\base</Filter>
    </ClCompile>
    <ClCompile Include="mozilla\extensions\universalchardet\src\base\nsLatin1Prober.cpp">
      <Filter>mozilla\extensions\universalchardet\src\base</Filter>
    </ClCompile>
    <ClCompile Include="mozilla\extensions\universalchardet\src\base\nsMBCSGroupProber.cpp">
      <Filter>mozilla\extensions\universalchardet\src\base</Filter>
    </ClCompile>
    <ClCompile Include="mozilla\extensions\universalchardet\src\base\nsMBCSSM.cpp">
      <Filter>mozilla\extensions\universalchardet\src\base</Filter>
    </ClCompile>
    <ClCompile Include="mozilla\extensions\universalchardet\src\base\nsSBCharSetProber.cpp">
      <Filter>mozilla\extensions\universalchardet\src\base</Filter>
    </ClCompile>
    <ClCompile Include="mozilla\extensions\universalchardet\src\base\nsSBCSGroupProber.cpp">
      <Filter>mozilla\extensions\universalchardet\src\base</Filter>
    </ClCompile>
    <ClCompile Include="mozilla\extensions\universalchardet\src\base\nsSJISProber.cpp">
      <Filter>mozilla\extensions\universalchardet\src\base</Filter>
    </ClCompile>
    <ClCompile Include="mozilla\extensions\universalchardet\src\base\nsUniversalDetector.cpp">
      <Filter>mozilla\extensions\universalchardet\src\base</Filter>
    </ClCompile>
    <ClCompile Include="mozilla\extensions\universalchardet\src\base\nsUTF8Prober.cpp">
      <Filter>mozilla\extensions\universalchardet\src\base</Filter>
    </ClCompile>
  </ItemGroup>
  <ItemGroup>
    <ClInclude Include="mozilla\extensions\universalchardet\src\base\CharDistribution.h">
      <Filter>mozilla\extensions\universalchardet\src\base</Filter>
    </ClInclude>
    <ClInclude Include="mozilla\extensions\universalchardet\src\base\JpCntx.h">
      <Filter>mozilla\extensions\universalchardet\src\base</Filter>
    </ClInclude>
    <ClInclude Include="mozilla\extensions\universalchardet\src\base\nsBig5Prober.h">
      <Filter>mozilla\extensions\universalchardet\src\base</Filter>
    </ClInclude>
    <ClInclude Include="mozilla\extensions\universalchardet\src\base\nsCharSetProber.h">
      <Filter>mozilla\extensions\universalchardet\src\base</Filter>
    </ClInclude>
    <ClInclude Include="mozilla\extensions\universalchardet\src\base\nsCodingStateMachine.h">
      <Filter>mozilla\extensions\universalchardet\src\base</Filter>
    </ClInclude>
    <ClInclude Include="mozilla\extensions\universalchardet\src\base\nsEscCharsetProber.h">
      <Filter>mozilla\extensions\universalchardet\src\base</Filter>
    </ClInclude>
    <ClInclude Include="mozilla\extensions\universalchardet\src\base\nsEUCJPProber.h">
      <Filter>mozilla\extensions\universalchardet\src\base</Filter>
    </ClInclude>
    <ClInclude Include="mozilla\extensions\universalchardet\src\base\nsEUCKRProber.h">
      <Filter>mozilla\extensions\universalchardet\src\base</Filter>
    </ClInclude>
    <ClInclude Include="mozilla\extensions\universalchardet\src\base\nsEUCTWProber.h">
      <Filter>mozilla\extensions\universalchardet\src\base</Filter>
    </ClInclude>
    <ClInclude Include="mozilla\extensions\universalchardet\src\base\nsGB2312Prober.h">
      <Filter>mozilla\extensions\universalchardet\src\base</Filter>
    </ClInclude>
    <ClInclude Include="mozilla\extensions\universalchardet\src\base\nsHebrewProber.h">
      <Filter>mozilla\extensions\universalchardet\src\base</Filter>
    </ClInclude>
    <ClInclude Include="mozilla\extensions\universalchardet\src\base\nsLatin1Prober.h">
      <Filter>mozilla\extensions\universalchardet\src\base</Filter>
    </ClInclude>
    <ClInclude Include="mozilla\extensions\universalchardet\src\base\nsMBCSGroupProber.h">
      <Filter>mozilla\extensions\universalchardet\src\base</Filter>
    </ClInclude>
    <ClInclude Include="mozilla\extensions\universalchardet\src\base\nsPkgInt.h">
      <Filter>mozilla\extensions\universalchardet\src\base</Filter>
    </ClInclude>
    <ClInclude Include="mozilla\extensions\universalchardet\src\base\nsSBCharSetProber.h">
      <Filter>mozilla\extensions\universalchardet\src\base</Filter>
    </ClInclude>
    <ClInclude Include="mozilla\extensions\universalchardet\src\base\nsSBCSGroupProber.h">
      <Filter>mozilla\extensions\universalchardet\src\base</Filter>
    </ClInclude>
    <ClInclude Include="mozilla\extensions\universalchardet\src\base\nsSJISProber.h">
      <Filter>mozilla\extensions\universalchardet\src\base</Filter>
    </ClInclude>
    <ClInclude Include="mozilla\extensions\universalchardet\src\base\nsUniversalDetector.h">
      <Filter>mozilla\extensions\universalchardet\src\base</Filter>
    </ClInclude>
    <ClInclude Include="mozilla\extensions\universalchardet\src\base\nsUTF8Prober.h">
      <Filter>mozilla\extensions\universalchardet\src\base</Filter>
    </ClInclude>
    <ClInclude Include="charsetdetect.h">
      <Filter>base</Filter>
    </ClInclude>
    <ClInclude Include="charsetdetectPriv.h">
      <Filter>base</Filter>
    </ClInclude>
    <ClInclude Include="nscore.h">
      <Filter>base</Filter>
    </ClInclude>
  </ItemGroup>
</Project>